// !$*UTF8*$!
{
	archiveVersion = 1;
	classes = {
	};
	objectVersion = 46;
	objects = {

/* Begin PBXBuildFile section */
		19720B4B18C1AF6500BCD1F9 /* Cocoa.framework in Frameworks */ = {isa = PBXBuildFile; fileRef = 19720B4A18C1AF6500BCD1F9 /* Cocoa.framework */; };
		19720B5518C1AF6500BCD1F9 /* InfoPlist.strings in Resources */ = {isa = PBXBuildFile; fileRef = 19720B5318C1AF6500BCD1F9 /* InfoPlist.strings */; };
		19720B5718C1AF6500BCD1F9 /* main.m in Sources */ = {isa = PBXBuildFile; fileRef = 19720B5618C1AF6500BCD1F9 /* main.m */; };
		19720B5B18C1AF6500BCD1F9 /* Credits.rtf in Resources */ = {isa = PBXBuildFile; fileRef = 19720B5918C1AF6500BCD1F9 /* Credits.rtf */; };
		19720B5E18C1AF6500BCD1F9 /* AppDelegate.m in Sources */ = {isa = PBXBuildFile; fileRef = 19720B5D18C1AF6500BCD1F9 /* AppDelegate.m */; };
		19720B6118C1AF6500BCD1F9 /* MainMenu.xib in Resources */ = {isa = PBXBuildFile; fileRef = 19720B5F18C1AF6500BCD1F9 /* MainMenu.xib */; };
		19720B6318C1AF6500BCD1F9 /* Images.xcassets in Resources */ = {isa = PBXBuildFile; fileRef = 19720B6218C1AF6500BCD1F9 /* Images.xcassets */; };
		19720B6A18C1AF6500BCD1F9 /* XCTest.framework in Frameworks */ = {isa = PBXBuildFile; fileRef = 19720B6918C1AF6500BCD1F9 /* XCTest.framework */; };
		19720B6B18C1AF6500BCD1F9 /* Cocoa.framework in Frameworks */ = {isa = PBXBuildFile; fileRef = 19720B4A18C1AF6500BCD1F9 /* Cocoa.framework */; };
		19720B7318C1AF6500BCD1F9 /* InfoPlist.strings in Resources */ = {isa = PBXBuildFile; fileRef = 19720B7118C1AF6500BCD1F9 /* InfoPlist.strings */; };
		19720B7518C1AF6500BCD1F9 /* WorkspaceTests.m in Sources */ = {isa = PBXBuildFile; fileRef = 19720B7418C1AF6500BCD1F9 /* WorkspaceTests.m */; };
/* End PBXBuildFile section */

/* Begin PBXContainerItemProxy section */
		19720B6C18C1AF6500BCD1F9 /* PBXContainerItemProxy */ = {
			isa = PBXContainerItemProxy;
			containerPortal = 19720B3F18C1AF6500BCD1F9 /* Project object */;
			proxyType = 1;
			remoteGlobalIDString = 19720B4618C1AF6500BCD1F9;
			remoteInfo = Workspace;
		};
/* End PBXContainerItemProxy section */

/* Begin PBXFileReference section */
		19720B4718C1AF6500BCD1F9 /* Workspace.app */ = {isa = PBXFileReference; explicitFileType = wrapper.application; includeInIndex = 0; path = Workspace.app; sourceTree = BUILT_PRODUCTS_DIR; };
		19720B4A18C1AF6500BCD1F9 /* Cocoa.framework */ = {isa = PBXFileReference; lastKnownFileType = wrapper.framework; name = Cocoa.framework; path = System/Library/Frameworks/Cocoa.framework; sourceTree = SDKROOT; };
		19720B4D18C1AF6500BCD1F9 /* AppKit.framework */ = {isa = PBXFileReference; lastKnownFileType = wrapper.framework; name = AppKit.framework; path = System/Library/Frameworks/AppKit.framework; sourceTree = SDKROOT; };
		19720B4E18C1AF6500BCD1F9 /* CoreData.framework */ = {isa = PBXFileReference; lastKnownFileType = wrapper.framework; name = CoreData.framework; path = System/Library/Frameworks/CoreData.framework; sourceTree = SDKROOT; };
		19720B4F18C1AF6500BCD1F9 /* Foundation.framework */ = {isa = PBXFileReference; lastKnownFileType = wrapper.framework; name = Foundation.framework; path = System/Library/Frameworks/Foundation.framework; sourceTree = SDKROOT; };
		19720B5218C1AF6500BCD1F9 /* Workspace-Info.plist */ = {isa = PBXFileReference; lastKnownFileType = text.plist.xml; path = "Workspace-Info.plist"; sourceTree = "<group>"; };
		19720B5418C1AF6500BCD1F9 /* en */ = {isa = PBXFileReference; lastKnownFileType = text.plist.strings; name = en; path = en.lproj/InfoPlist.strings; sourceTree = "<group>"; };
		19720B5618C1AF6500BCD1F9 /* main.m */ = {isa = PBXFileReference; lastKnownFileType = sourcecode.c.objc; path = main.m; sourceTree = "<group>"; };
		19720B5818C1AF6500BCD1F9 /* Workspace-Prefix.pch */ = {isa = PBXFileReference; lastKnownFileType = sourcecode.c.h; path = "Workspace-Prefix.pch"; sourceTree = "<group>"; };
		19720B5A18C1AF6500BCD1F9 /* en */ = {isa = PBXFileReference; lastKnownFileType = text.rtf; name = en; path = en.lproj/Credits.rtf; sourceTree = "<group>"; };
		19720B5C18C1AF6500BCD1F9 /* AppDelegate.h */ = {isa = PBXFileReference; lastKnownFileType = sourcecode.c.h; path = AppDelegate.h; sourceTree = "<group>"; };
		19720B5D18C1AF6500BCD1F9 /* AppDelegate.m */ = {isa = PBXFileReference; lastKnownFileType = sourcecode.c.objc; path = AppDelegate.m; sourceTree = "<group>"; };
		19720B6018C1AF6500BCD1F9 /* Base */ = {isa = PBXFileReference; lastKnownFileType = file.xib; name = Base; path = Base.lproj/MainMenu.xib; sourceTree = "<group>"; };
		19720B6218C1AF6500BCD1F9 /* Images.xcassets */ = {isa = PBXFileReference; lastKnownFileType = folder.assetcatalog; path = Images.xcassets; sourceTree = "<group>"; };
		19720B6818C1AF6500BCD1F9 /* WorkspaceTests.xctest */ = {isa = PBXFileReference; explicitFileType = wrapper.cfbundle; includeInIndex = 0; path = WorkspaceTests.xctest; sourceTree = BUILT_PRODUCTS_DIR; };
		19720B6918C1AF6500BCD1F9 /* XCTest.framework */ = {isa = PBXFileReference; lastKnownFileType = wrapper.framework; name = XCTest.framework; path = Library/Frameworks/XCTest.framework; sourceTree = DEVELOPER_DIR; };
		19720B7018C1AF6500BCD1F9 /* WorkspaceTests-Info.plist */ = {isa = PBXFileReference; lastKnownFileType = text.plist.xml; path = "WorkspaceTests-Info.plist"; sourceTree = "<group>"; };
		19720B7218C1AF6500BCD1F9 /* en */ = {isa = PBXFileReference; lastKnownFileType = text.plist.strings; name = en; path = en.lproj/InfoPlist.strings; sourceTree = "<group>"; };
		19720B7418C1AF6500BCD1F9 /* WorkspaceTests.m */ = {isa = PBXFileReference; lastKnownFileType = sourcecode.c.objc; path = WorkspaceTests.m; sourceTree = "<group>"; };
/* End PBXFileReference section */

/* Begin PBXFrameworksBuildPhase section */
		19720B4418C1AF6500BCD1F9 /* Frameworks */ = {
			isa = PBXFrameworksBuildPhase;
			buildActionMask = 2147483647;
			files = (
				19720B4B18C1AF6500BCD1F9 /* Cocoa.framework in Frameworks */,
			);
			runOnlyForDeploymentPostprocessing = 0;
		};
		19720B6518C1AF6500BCD1F9 /* Frameworks */ = {
			isa = PBXFrameworksBuildPhase;
			buildActionMask = 2147483647;
			files = (
				19720B6B18C1AF6500BCD1F9 /* Cocoa.framework in Frameworks */,
				19720B6A18C1AF6500BCD1F9 /* XCTest.framework in Frameworks */,
			);
			runOnlyForDeploymentPostprocessing = 0;
		};
/* End PBXFrameworksBuildPhase section */

/* Begin PBXGroup section */
		19720B3E18C1AF6500BCD1F9 = {
			isa = PBXGroup;
			children = (
				19720B5018C1AF6500BCD1F9 /* Workspace */,
				19720B6E18C1AF6500BCD1F9 /* WorkspaceTests */,
				19720B4918C1AF6500BCD1F9 /* Frameworks */,
				19720B4818C1AF6500BCD1F9 /* Products */,
			);
			sourceTree = "<group>";
		};
		19720B4818C1AF6500BCD1F9 /* Products */ = {
			isa = PBXGroup;
			children = (
				19720B4718C1AF6500BCD1F9 /* Workspace.app */,
				19720B6818C1AF6500BCD1F9 /* WorkspaceTests.xctest */,
			);
			name = Products;
			sourceTree = "<group>";
		};
		19720B4918C1AF6500BCD1F9 /* Frameworks */ = {
			isa = PBXGroup;
			children = (
				19720B4A18C1AF6500BCD1F9 /* Cocoa.framework */,
				19720B6918C1AF6500BCD1F9 /* XCTest.framework */,
				19720B4C18C1AF6500BCD1F9 /* Other Frameworks */,
			);
			name = Frameworks;
			sourceTree = "<group>";
		};
		19720B4C18C1AF6500BCD1F9 /* Other Frameworks */ = {
			isa = PBXGroup;
			children = (
				19720B4D18C1AF6500BCD1F9 /* AppKit.framework */,
				19720B4E18C1AF6500BCD1F9 /* CoreData.framework */,
				19720B4F18C1AF6500BCD1F9 /* Foundation.framework */,
			);
			name = "Other Frameworks";
			sourceTree = "<group>";
		};
		19720B5018C1AF6500BCD1F9 /* Workspace */ = {
			isa = PBXGroup;
			children = (
				19720B5C18C1AF6500BCD1F9 /* AppDelegate.h */,
				19720B5D18C1AF6500BCD1F9 /* AppDelegate.m */,
				19720B5F18C1AF6500BCD1F9 /* MainMenu.xib */,
				19720B6218C1AF6500BCD1F9 /* Images.xcassets */,
				19720B5118C1AF6500BCD1F9 /* Supporting Files */,
			);
			path = Workspace;
			sourceTree = "<group>";
		};
		19720B5118C1AF6500BCD1F9 /* Supporting Files */ = {
			isa = PBXGroup;
			children = (
				19720B5218C1AF6500BCD1F9 /* Workspace-Info.plist */,
				19720B5318C1AF6500BCD1F9 /* InfoPlist.strings */,
				19720B5618C1AF6500BCD1F9 /* main.m */,
				19720B5818C1AF6500BCD1F9 /* Workspace-Prefix.pch */,
				19720B5918C1AF6500BCD1F9 /* Credits.rtf */,
			);
			name = "Supporting Files";
			sourceTree = "<group>";
		};
		19720B6E18C1AF6500BCD1F9 /* WorkspaceTests */ = {
			isa = PBXGroup;
			children = (
				19720B7418C1AF6500BCD1F9 /* WorkspaceTests.m */,
				19720B6F18C1AF6500BCD1F9 /* Supporting Files */,
			);
			path = WorkspaceTests;
			sourceTree = "<group>";
		};
		19720B6F18C1AF6500BCD1F9 /* Supporting Files */ = {
			isa = PBXGroup;
			children = (
				19720B7018C1AF6500BCD1F9 /* WorkspaceTests-Info.plist */,
				19720B7118C1AF6500BCD1F9 /* InfoPlist.strings */,
			);
			name = "Supporting Files";
			sourceTree = "<group>";
		};
/* End PBXGroup section */

/* Begin PBXNativeTarget section */
		19720B4618C1AF6500BCD1F9 /* Workspace */ = {
			isa = PBXNativeTarget;
			buildConfigurationList = 19720B7818C1AF6500BCD1F9 /* Build configuration list for PBXNativeTarget "Workspace" */;
			buildPhases = (
				19720B4318C1AF6500BCD1F9 /* Sources */,
				19720B4418C1AF6500BCD1F9 /* Frameworks */,
				19720B4518C1AF6500BCD1F9 /* Resources */,
			);
			buildRules = (
			);
			dependencies = (
			);
			name = Workspace;
			productName = Workspace;
			productReference = 19720B4718C1AF6500BCD1F9 /* Workspace.app */;
			productType = "com.apple.product-type.application";
		};
		19720B6718C1AF6500BCD1F9 /* WorkspaceTests */ = {
			isa = PBXNativeTarget;
			buildConfigurationList = 19720B7B18C1AF6500BCD1F9 /* Build configuration list for PBXNativeTarget "WorkspaceTests" */;
			buildPhases = (
				19720B6418C1AF6500BCD1F9 /* Sources */,
				19720B6518C1AF6500BCD1F9 /* Frameworks */,
				19720B6618C1AF6500BCD1F9 /* Resources */,
			);
			buildRules = (
			);
			dependencies = (
				19720B6D18C1AF6500BCD1F9 /* PBXTargetDependency */,
			);
			name = WorkspaceTests;
			productName = WorkspaceTests;
			productReference = 19720B6818C1AF6500BCD1F9 /* WorkspaceTests.xctest */;
			productType = "com.apple.product-type.bundle.unit-test";
		};
/* End PBXNativeTarget section */

/* Begin PBXProject section */
		19720B3F18C1AF6500BCD1F9 /* Project object */ = {
			isa = PBXProject;
			attributes = {
				LastUpgradeCheck = 0500;
				ORGANIZATIONNAME = Amit;
				TargetAttributes = {
					19720B6718C1AF6500BCD1F9 = {
						TestTargetID = 19720B4618C1AF6500BCD1F9;
					};
				};
			};
			buildConfigurationList = 19720B4218C1AF6500BCD1F9 /* Build configuration list for PBXProject "Workspace" */;
			compatibilityVersion = "Xcode 3.2";
			developmentRegion = English;
			hasScannedForEncodings = 0;
			knownRegions = (
				en,
				Base,
			);
			mainGroup = 19720B3E18C1AF6500BCD1F9;
			productRefGroup = 19720B4818C1AF6500BCD1F9 /* Products */;
			projectDirPath = "";
			projectRoot = "";
			targets = (
				19720B4618C1AF6500BCD1F9 /* Workspace */,
				19720B6718C1AF6500BCD1F9 /* WorkspaceTests */,
			);
		};
/* End PBXProject section */

/* Begin PBXResourcesBuildPhase section */
		19720B4518C1AF6500BCD1F9 /* Resources */ = {
			isa = PBXResourcesBuildPhase;
			buildActionMask = 2147483647;
			files = (
				19720B5518C1AF6500BCD1F9 /* InfoPlist.strings in Resources */,
				19720B6318C1AF6500BCD1F9 /* Images.xcassets in Resources */,
				19720B5B18C1AF6500BCD1F9 /* Credits.rtf in Resources */,
				19720B6118C1AF6500BCD1F9 /* MainMenu.xib in Resources */,
			);
			runOnlyForDeploymentPostprocessing = 0;
		};
		19720B6618C1AF6500BCD1F9 /* Resources */ = {
			isa = PBXResourcesBuildPhase;
			buildActionMask = 2147483647;
			files = (
				19720B7318C1AF6500BCD1F9 /* InfoPlist.strings in Resources */,
			);
			runOnlyForDeploymentPostprocessing = 0;
		};
/* End PBXResourcesBuildPhase section */

/* Begin PBXSourcesBuildPhase section */
		19720B4318C1AF6500BCD1F9 /* Sources */ = {
			isa = PBXSourcesBuildPhase;
			buildActionMask = 2147483647;
			files = (
				19720B5E18C1AF6500BCD1F9 /* AppDelegate.m in Sources */,
				19720B5718C1AF6500BCD1F9 /* main.m in Sources */,
			);
			runOnlyForDeploymentPostprocessing = 0;
		};
		19720B6418C1AF6500BCD1F9 /* Sources */ = {
			isa = PBXSourcesBuildPhase;
			buildActionMask = 2147483647;
			files = (
				19720B7518C1AF6500BCD1F9 /* WorkspaceTests.m in Sources */,
			);
			runOnlyForDeploymentPostprocessing = 0;
		};
/* End PBXSourcesBuildPhase section */

/* Begin PBXTargetDependency section */
		19720B6D18C1AF6500BCD1F9 /* PBXTargetDependency */ = {
			isa = PBXTargetDependency;
			target = 19720B4618C1AF6500BCD1F9 /* Workspace */;
			targetProxy = 19720B6C18C1AF6500BCD1F9 /* PBXContainerItemProxy */;
		};
/* End PBXTargetDependency section */

/* Begin PBXVariantGroup section */
		19720B5318C1AF6500BCD1F9 /* InfoPlist.strings */ = {
			isa = PBXVariantGroup;
			children = (
				19720B5418C1AF6500BCD1F9 /* en */,
			);
			name = InfoPlist.strings;
			sourceTree = "<group>";
		};
		19720B5918C1AF6500BCD1F9 /* Credits.rtf */ = {
			isa = PBXVariantGroup;
			children = (
				19720B5A18C1AF6500BCD1F9 /* en */,
			);
			name = Credits.rtf;
			sourceTree = "<group>";
		};
		19720B5F18C1AF6500BCD1F9 /* MainMenu.xib */ = {
			isa = PBXVariantGroup;
			children = (
				19720B6018C1AF6500BCD1F9 /* Base */,
			);
			name = MainMenu.xib;
			sourceTree = "<group>";
		};
		19720B7118C1AF6500BCD1F9 /* InfoPlist.strings */ = {
			isa = PBXVariantGroup;
			children = (
				19720B7218C1AF6500BCD1F9 /* en */,
			);
			name = InfoPlist.strings;
			sourceTree = "<group>";
		};
/* End PBXVariantGroup section */

/* Begin XCBuildConfiguration section */
		19720B7618C1AF6500BCD1F9 /* Debug */ = {
			isa = XCBuildConfiguration;
			buildSettings = {
				ALWAYS_SEARCH_USER_PATHS = NO;
				CLANG_CXX_LANGUAGE_STANDARD = "gnu++0x";
				CLANG_CXX_LIBRARY = "libc++";
				CLANG_ENABLE_OBJC_ARC = YES;
				CLANG_WARN_BOOL_CONVERSION = YES;
				CLANG_WARN_CONSTANT_CONVERSION = YES;
				CLANG_WARN_DIRECT_OBJC_ISA_USAGE = YES_ERROR;
				CLANG_WARN_EMPTY_BODY = YES;
				CLANG_WARN_ENUM_CONVERSION = YES;
				CLANG_WARN_INT_CONVERSION = YES;
				CLANG_WARN_OBJC_ROOT_CLASS = YES_ERROR;
				CLANG_WARN__DUPLICATE_METHOD_MATCH = YES;
				COPY_PHASE_STRIP = NO;
				GCC_C_LANGUAGE_STANDARD = gnu99;
				GCC_DYNAMIC_NO_PIC = NO;
				GCC_ENABLE_OBJC_EXCEPTIONS = YES;
				GCC_OPTIMIZATION_LEVEL = 0;
				GCC_PREPROCESSOR_DEFINITIONS = (
					"DEBUG=1",
					"$(inherited)",
				);
				GCC_SYMBOLS_PRIVATE_EXTERN = NO;
				GCC_WARN_64_TO_32_BIT_CONVERSION = YES;
				GCC_WARN_ABOUT_RETURN_TYPE = YES_ERROR;
				GCC_WARN_UNDECLARED_SELECTOR = YES;
				GCC_WARN_UNINITIALIZED_AUTOS = YES;
				GCC_WARN_UNUSED_FUNCTION = YES;
				GCC_WARN_UNUSED_VARIABLE = YES;
				MACOSX_DEPLOYMENT_TARGET = 10.9;
				ONLY_ACTIVE_ARCH = YES;
				SDKROOT = macosx;
			};
			name = Debug;
		};
		19720B7718C1AF6500BCD1F9 /* Release */ = {
			isa = XCBuildConfiguration;
			buildSettings = {
				ALWAYS_SEARCH_USER_PATHS = NO;
				CLANG_CXX_LANGUAGE_STANDARD = "gnu++0x";
				CLANG_CXX_LIBRARY = "libc++";
				CLANG_ENABLE_OBJC_ARC = YES;
				CLANG_WARN_BOOL_CONVERSION = YES;
				CLANG_WARN_CONSTANT_CONVERSION = YES;
				CLANG_WARN_DIRECT_OBJC_ISA_USAGE = YES_ERROR;
				CLANG_WARN_EMPTY_BODY = YES;
				CLANG_WARN_ENUM_CONVERSION = YES;
				CLANG_WARN_INT_CONVERSION = YES;
				CLANG_WARN_OBJC_ROOT_CLASS = YES_ERROR;
				CLANG_WARN__DUPLICATE_METHOD_MATCH = YES;
				COPY_PHASE_STRIP = YES;
				DEBUG_INFORMATION_FORMAT = "dwarf-with-dsym";
				ENABLE_NS_ASSERTIONS = NO;
				GCC_C_LANGUAGE_STANDARD = gnu99;
				GCC_ENABLE_OBJC_EXCEPTIONS = YES;
				GCC_WARN_64_TO_32_BIT_CONVERSION = YES;
				GCC_WARN_ABOUT_RETURN_TYPE = YES_ERROR;
				GCC_WARN_UNDECLARED_SELECTOR = YES;
				GCC_WARN_UNINITIALIZED_AUTOS = YES;
				GCC_WARN_UNUSED_FUNCTION = YES;
				GCC_WARN_UNUSED_VARIABLE = YES;
				MACOSX_DEPLOYMENT_TARGET = 10.9;
				SDKROOT = macosx;
			};
			name = Release;
		};
		19720B7918C1AF6500BCD1F9 /* Debug */ = {
			isa = XCBuildConfiguration;
			buildSettings = {
				ASSETCATALOG_COMPILER_APPICON_NAME = AppIcon;
				COMBINE_HIDPI_IMAGES = YES;
				GCC_PRECOMPILE_PREFIX_HEADER = YES;
				GCC_PREFIX_HEADER = "Workspace/Workspace-Prefix.pch";
				INFOPLIST_FILE = "Workspace/Workspace-Info.plist";
				PRODUCT_NAME = "$(TARGET_NAME)";
				WRAPPER_EXTENSION = app;
			};
			name = Debug;
		};
		19720B7A18C1AF6500BCD1F9 /* Release */ = {
			isa = XCBuildConfiguration;
			buildSettings = {
				ASSETCATALOG_COMPILER_APPICON_NAME = AppIcon;
				COMBINE_HIDPI_IMAGES = YES;
				GCC_PRECOMPILE_PREFIX_HEADER = YES;
				GCC_PREFIX_HEADER = "Workspace/Workspace-Prefix.pch";
				INFOPLIST_FILE = "Workspace/Workspace-Info.plist";
				PRODUCT_NAME = "$(TARGET_NAME)";
				WRAPPER_EXTENSION = app;
			};
			name = Release;
		};
		19720B7C18C1AF6500BCD1F9 /* Debug */ = {
			isa = XCBuildConfiguration;
			buildSettings = {
				BUNDLE_LOADER = "$(BUILT_PRODUCTS_DIR)/Workspace.app/Contents/MacOS/Workspace";
				COMBINE_HIDPI_IMAGES = YES;
				FRAMEWORK_SEARCH_PATHS = (
					"$(DEVELOPER_FRAMEWORKS_DIR)",
					"$(inherited)",
				);
				GCC_PRECOMPILE_PREFIX_HEADER = YES;
				GCC_PREFIX_HEADER = "Workspace/Workspace-Prefix.pch";
				GCC_PREPROCESSOR_DEFINITIONS = (
					"DEBUG=1",
					"$(inherited)",
				);
				INFOPLIST_FILE = "WorkspaceTests/WorkspaceTests-Info.plist";
				PRODUCT_NAME = "$(TARGET_NAME)";
				TEST_HOST = "$(BUNDLE_LOADER)";
				WRAPPER_EXTENSION = xctest;
			};
			name = Debug;
		};
		19720B7D18C1AF6500BCD1F9 /* Release */ = {
			isa = XCBuildConfiguration;
			buildSettings = {
				BUNDLE_LOADER = "$(BUILT_PRODUCTS_DIR)/Workspace.app/Contents/MacOS/Workspace";
				COMBINE_HIDPI_IMAGES = YES;
				FRAMEWORK_SEARCH_PATHS = (
					"$(DEVELOPER_FRAMEWORKS_DIR)",
					"$(inherited)",
				);
				GCC_PRECOMPILE_PREFIX_HEADER = YES;
				GCC_PREFIX_HEADER = "Workspace/Workspace-Prefix.pch";
				INFOPLIST_FILE = "WorkspaceTests/WorkspaceTests-Info.plist";
				PRODUCT_NAME = "$(TARGET_NAME)";
				TEST_HOST = "$(BUNDLE_LOADER)";
				WRAPPER_EXTENSION = xctest;
			};
			name = Release;
		};
/* End XCBuildConfiguration section */

/* Begin XCConfigurationList section */
		19720B4218C1AF6500BCD1F9 /* Build configuration list for PBXProject "Workspace" */ = {
			isa = XCConfigurationList;
			buildConfigurations = (
				19720B7618C1AF6500BCD1F9 /* Debug */,
				19720B7718C1AF6500BCD1F9 /* Release */,
			);
			defaultConfigurationIsVisible = 0;
			defaultConfigurationName = Release;
		};
		19720B7818C1AF6500BCD1F9 /* Build configuration list for PBXNativeTarget "Workspace" */ = {
			isa = XCConfigurationList;
			buildConfigurations = (
				19720B7918C1AF6500BCD1F9 /* Debug */,
				19720B7A18C1AF6500BCD1F9 /* Release */,
			);
			defaultConfigurationIsVisible = 0;
		};
		19720B7B18C1AF6500BCD1F9 /* Build configuration list for PBXNativeTarget "WorkspaceTests" */ = {
			isa = XCConfigurationList;
			buildConfigurations = (
				19720B7C18C1AF6500BCD1F9 /* Debug */,
				19720B7D18C1AF6500BCD1F9 /* Release */,
			);
			defaultConfigurationIsVisible = 0;
		};
/* End XCConfigurationList section */
	};
	rootObject = 19720B3F18C1AF6500BCD1F9 /* Project object */;
}
